Microsoft Visual Studio Solution File, Format Version 12.00
# Visual Studio Version 17
VisualStudioVersion = 17.5.2.0
MinimumVisualStudioVersion = 10.0.40219.1
Project("{FAE04EC0-301F-11D3-BF4B-00C04F79EFBC}") = "VeinWares.SubtleByte", "VeinWares.SubtleByte.csproj", "{C5A48839-BA80-F141-3479-FE2ED19FA0C9}"
EndProject
Global
	GlobalSection(SolutionConfigurationPlatforms) = preSolution
		Debug|Any CPU = Debug|Any CPU
		Release|Any CPU = Release|Any CPU
	EndGlobalSection
	GlobalSection(ProjectConfigurationPlatforms) = postSolution
		{C5A48839-BA80-F141-3479-FE2ED19FA0C9}.Debug|Any CPU.ActiveCfg = Debug|Any CPU
		{C5A48839-BA80-F141-3479-FE2ED19FA0C9}.Debug|Any CPU.Build.0 = Debug|Any CPU
		{C5A48839-BA80-F141-3479-FE2ED19FA0C9}.Release|Any CPU.ActiveCfg = Release|Any CPU
		{C5A48839-BA80-F141-3479-FE2ED19FA0C9}.Release|Any CPU.Build.0 = Release|Any CPU
	EndGlobalSection
	GlobalSection(SolutionProperties) = preSolution
		HideSolutionNode = FALSE
	EndGlobalSection
	GlobalSection(ExtensibilityGlobals) = postSolution
		SolutionGuid = {0C0350CF-6599-4239-9DCF-F088E5884245}
	EndGlobalSection
EndGlobal
